// !$*UTF8*$!
{
	archiveVersion = 1;
	classes = {
	};
	objectVersion = 51;
	objects = {

/* Begin PBXBuildFile section */
		160396CA2386310D00A6DEB7 /* GoogleService-Info.plist in Resources */ = {isa = PBXBuildFile; fileRef = 160396C92386310D00A6DEB7 /* GoogleService-Info.plist */; };
		161AAF72237B5E5E00D505E7 /* LocationPage.swift in Sources */ = {isa = PBXBuildFile; fileRef = 161AAF71237B5E5D00D505E7 /* LocationPage.swift */; };
		161CB39A23949AF80083A0CF /* BackgroundSky.png in Resources */ = {isa = PBXBuildFile; fileRef = 161CB39923949AF70083A0CF /* BackgroundSky.png */; };
		16A0F9C22388CA9B00EF86BD /* CameraPageController.swift in Sources */ = {isa = PBXBuildFile; fileRef = 16A0F9C02388CA9400EF86BD /* CameraPageController.swift */; };
		16A985312380E3C2000C92E6 /* play.jpeg in Resources */ = {isa = PBXBuildFile; fileRef = 16A9852D2380E3C2000C92E6 /* play.jpeg */; };
		16A985322380E3C2000C92E6 /* dog.jpeg in Resources */ = {isa = PBXBuildFile; fileRef = 16A9852E2380E3C2000C92E6 /* dog.jpeg */; };
		16A985332380E3C2000C92E6 /* microphone.jpeg in Resources */ = {isa = PBXBuildFile; fileRef = 16A9852F2380E3C2000C92E6 /* microphone.jpeg */; };
		16A985342380E3C2000C92E6 /* spaker.jpeg in Resources */ = {isa = PBXBuildFile; fileRef = 16A985302380E3C2000C92E6 /* spaker.jpeg */; };
		16CFA1A42374ADD00022C95F /* AppDelegate.swift in Sources */ = {isa = PBXBuildFile; fileRef = 16CFA1A32374ADD00022C95F /* AppDelegate.swift */; };
		16CFA1A62374ADD00022C95F /* SceneDelegate.swift in Sources */ = {isa = PBXBuildFile; fileRef = 16CFA1A52374ADD00022C95F /* SceneDelegate.swift */; };
		16CFA1AB2374ADD00022C95F /* Main.storyboard in Resources */ = {isa = PBXBuildFile; fileRef = 16CFA1A92374ADD00022C95F /* Main.storyboard */; };
		16CFA1AD2374ADD20022C95F /* Assets.xcassets in Resources */ = {isa = PBXBuildFile; fileRef = 16CFA1AC2374ADD20022C95F /* Assets.xcassets */; };
		16CFA1B02374ADD20022C95F /* LaunchScreen.storyboard in Resources */ = {isa = PBXBuildFile; fileRef = 16CFA1AE2374ADD20022C95F /* LaunchScreen.storyboard */; };
		16CFA1BB2374ADD20022C95F /* Aphasia_AppTests.swift in Sources */ = {isa = PBXBuildFile; fileRef = 16CFA1BA2374ADD20022C95F /* Aphasia_AppTests.swift */; };
		16CFA1C62374ADD20022C95F /* Aphasia_AppUITests.swift in Sources */ = {isa = PBXBuildFile; fileRef = 16CFA1C52374ADD20022C95F /* Aphasia_AppUITests.swift */; };
		16CFA1E42374C7CC0022C95F /* FirstPage.swift in Sources */ = {isa = PBXBuildFile; fileRef = 16CFA1E32374C7CC0022C95F /* FirstPage.swift */; };
		16F57C8623804DC800ED7422 /* background.jpeg in Resources */ = {isa = PBXBuildFile; fileRef = 16F57C8523804DC800ED7422 /* background.jpeg */; };
		16FE530A23864219009FC96F /* ExerciseA.swift in Sources */ = {isa = PBXBuildFile; fileRef = 16FE530923864219009FC96F /* ExerciseA.swift */; };
		16FE530E2386553B009FC96F /* ExerciseATableViewCell.swift in Sources */ = {isa = PBXBuildFile; fileRef = 16FE530D2386553B009FC96F /* ExerciseATableViewCell.swift */; };
		16FE531223876C08009FC96F /* Question.swift in Sources */ = {isa = PBXBuildFile; fileRef = 16FE531123876C08009FC96F /* Question.swift */; };
		16FE531423876C98009FC96F /* QuestionBank.swift in Sources */ = {isa = PBXBuildFile; fileRef = 16FE531323876C98009FC96F /* QuestionBank.swift */; };
		1B753F710F670A0777C3C96C /* Pods_Aphasia_App_Aphasia_AppUITests.framework in Frameworks */ = {isa = PBXBuildFile; fileRef = F654AB6213C229F88E8BB9E8 /* Pods_Aphasia_App_Aphasia_AppUITests.framework */; };
		3902C0C697C9C5C64F43C341 /* Pods_Aphasia_App.framework in Frameworks */ = {isa = PBXBuildFile; fileRef = C68B2F741E1C85DB5B3A32DF /* Pods_Aphasia_App.framework */; };
		51114ABC2383B29F0023788F /* tree.jpeg in Resources */ = {isa = PBXBuildFile; fileRef = 51114ABB2383B29F0023788F /* tree.jpeg */; };
		51114ABE2383B4630023788F /* map.png in Resources */ = {isa = PBXBuildFile; fileRef = 51114ABD2383B4630023788F /* map.png */; };
		51114AC02383B9C50023788F /* bench.jpeg in Resources */ = {isa = PBXBuildFile; fileRef = 51114ABF2383B9C50023788F /* bench.jpeg */; };
		B7BE683C4378451E6D0C5912 /* Pods_Aphasia_AppTests.framework in Frameworks */ = {isa = PBXBuildFile; fileRef = 82E6136F28581B98374719AB /* Pods_Aphasia_AppTests.framework */; };
		D5B9DECC23C0E324004B2B53 /* ExerciseB.swift in Sources */ = {isa = PBXBuildFile; fileRef = 16EEACC12395B72C00C09534 /* ExerciseB.swift */; };
/* End PBXBuildFile section */

/* Begin PBXContainerItemProxy section */
		16CFA1B72374ADD20022C95F /* PBXContainerItemProxy */ = {
			isa = PBXContainerItemProxy;
			containerPortal = 16CFA1982374ADD00022C95F /* Project object */;
			proxyType = 1;
			remoteGlobalIDString = 16CFA19F2374ADD00022C95F;
			remoteInfo = "Aphasia App";
		};
		16CFA1C22374ADD20022C95F /* PBXContainerItemProxy */ = {
			isa = PBXContainerItemProxy;
			containerPortal = 16CFA1982374ADD00022C95F /* Project object */;
			proxyType = 1;
			remoteGlobalIDString = 16CFA19F2374ADD00022C95F;
			remoteInfo = "Aphasia App";
		};
/* End PBXContainerItemProxy section */

/* Begin PBXFileReference section */
		008FB648340D3E1F6BE69F62 /* Pods-Aphasia App.release.xcconfig */ = {isa = PBXFileReference; includeInIndex = 1; lastKnownFileType = text.xcconfig; name = "Pods-Aphasia App.release.xcconfig"; path = "Target Support Files/Pods-Aphasia App/Pods-Aphasia App.release.xcconfig"; sourceTree = "<group>"; };
		160396C92386310D00A6DEB7 /* GoogleService-Info.plist */ = {isa = PBXFileReference; fileEncoding = 4; lastKnownFileType = text.plist.xml; path = "GoogleService-Info.plist"; sourceTree = "<group>"; };
		161AAF71237B5E5D00D505E7 /* LocationPage.swift */ = {isa = PBXFileReference; lastKnownFileType = sourcecode.swift; path = LocationPage.swift; sourceTree = "<group>"; };
		161CB39923949AF70083A0CF /* BackgroundSky.png */ = {isa = PBXFileReference; lastKnownFileType = image.png; path = BackgroundSky.png; sourceTree = "<group>"; };
		16A0F9C02388CA9400EF86BD /* CameraPageController.swift */ = {isa = PBXFileReference; lastKnownFileType = sourcecode.swift; name = CameraPageController.swift; path = "Aphasia App/CameraPageController.swift"; sourceTree = SOURCE_ROOT; };
		16A9852D2380E3C2000C92E6 /* play.jpeg */ = {isa = PBXFileReference; lastKnownFileType = image.jpeg; path = play.jpeg; sourceTree = "<group>"; };
		16A9852E2380E3C2000C92E6 /* dog.jpeg */ = {isa = PBXFileReference; lastKnownFileType = image.jpeg; path = dog.jpeg; sourceTree = "<group>"; };
		16A9852F2380E3C2000C92E6 /* microphone.jpeg */ = {isa = PBXFileReference; lastKnownFileType = image.jpeg; path = microphone.jpeg; sourceTree = "<group>"; };
		16A985302380E3C2000C92E6 /* spaker.jpeg */ = {isa = PBXFileReference; lastKnownFileType = image.jpeg; path = spaker.jpeg; sourceTree = "<group>"; };
		16CFA1A02374ADD00022C95F /* Aphasia App.app */ = {isa = PBXFileReference; explicitFileType = wrapper.application; includeInIndex = 0; path = "Aphasia App.app"; sourceTree = BUILT_PRODUCTS_DIR; };
		16CFA1A32374ADD00022C95F /* AppDelegate.swift */ = {isa = PBXFileReference; lastKnownFileType = sourcecode.swift; path = AppDelegate.swift; sourceTree = "<group>"; };
		16CFA1A52374ADD00022C95F /* SceneDelegate.swift */ = {isa = PBXFileReference; lastKnownFileType = sourcecode.swift; path = SceneDelegate.swift; sourceTree = "<group>"; };
		16CFA1AA2374ADD00022C95F /* Base */ = {isa = PBXFileReference; lastKnownFileType = file.storyboard; name = Base; path = Base.lproj/Main.storyboard; sourceTree = "<group>"; };
		16CFA1AC2374ADD20022C95F /* Assets.xcassets */ = {isa = PBXFileReference; lastKnownFileType = folder.assetcatalog; path = Assets.xcassets; sourceTree = "<group>"; };
		16CFA1AF2374ADD20022C95F /* Base */ = {isa = PBXFileReference; lastKnownFileType = file.storyboard; name = Base; path = Base.lproj/LaunchScreen.storyboard; sourceTree = "<group>"; };
		16CFA1B12374ADD20022C95F /* Info.plist */ = {isa = PBXFileReference; lastKnownFileType = text.plist.xml; path = Info.plist; sourceTree = "<group>"; };
		16CFA1B62374ADD20022C95F /* Aphasia AppTests.xctest */ = {isa = PBXFileReference; explicitFileType = wrapper.cfbundle; includeInIndex = 0; path = "Aphasia AppTests.xctest"; sourceTree = BUILT_PRODUCTS_DIR; };
		16CFA1BA2374ADD20022C95F /* Aphasia_AppTests.swift */ = {isa = PBXFileReference; lastKnownFileType = sourcecode.swift; path = Aphasia_AppTests.swift; sourceTree = "<group>"; };
		16CFA1BC2374ADD20022C95F /* Info.plist */ = {isa = PBXFileReference; lastKnownFileType = text.plist.xml; path = Info.plist; sourceTree = "<group>"; };
		16CFA1C12374ADD20022C95F /* Aphasia AppUITests.xctest */ = {isa = PBXFileReference; explicitFileType = wrapper.cfbundle; includeInIndex = 0; path = "Aphasia AppUITests.xctest"; sourceTree = BUILT_PRODUCTS_DIR; };
		16CFA1C52374ADD20022C95F /* Aphasia_AppUITests.swift */ = {isa = PBXFileReference; lastKnownFileType = sourcecode.swift; path = Aphasia_AppUITests.swift; sourceTree = "<group>"; };
		16CFA1C72374ADD20022C95F /* Info.plist */ = {isa = PBXFileReference; lastKnownFileType = text.plist.xml; path = Info.plist; sourceTree = "<group>"; };
		16CFA1E32374C7CC0022C95F /* FirstPage.swift */ = {isa = PBXFileReference; lastKnownFileType = sourcecode.swift; path = FirstPage.swift; sourceTree = "<group>"; };
		16EEACC12395B72C00C09534 /* ExerciseB.swift */ = {isa = PBXFileReference; lastKnownFileType = sourcecode.swift; path = ExerciseB.swift; sourceTree = "<group>"; };
		16F57C8523804DC800ED7422 /* background.jpeg */ = {isa = PBXFileReference; lastKnownFileType = image.jpeg; path = background.jpeg; sourceTree = "<group>"; };
		16FE530923864219009FC96F /* ExerciseA.swift */ = {isa = PBXFileReference; lastKnownFileType = sourcecode.swift; path = ExerciseA.swift; sourceTree = "<group>"; };
		16FE530D2386553B009FC96F /* ExerciseATableViewCell.swift */ = {isa = PBXFileReference; lastKnownFileType = sourcecode.swift; path = ExerciseATableViewCell.swift; sourceTree = "<group>"; };
		16FE531123876C08009FC96F /* Question.swift */ = {isa = PBXFileReference; lastKnownFileType = sourcecode.swift; path = Question.swift; sourceTree = "<group>"; };
		16FE531323876C98009FC96F /* QuestionBank.swift */ = {isa = PBXFileReference; lastKnownFileType = sourcecode.swift; path = QuestionBank.swift; sourceTree = "<group>"; };
		18D1189B5E4A5CA56CFF6FA3 /* Pods-Aphasia AppTests.debug.xcconfig */ = {isa = PBXFileReference; includeInIndex = 1; lastKnownFileType = text.xcconfig; name = "Pods-Aphasia AppTests.debug.xcconfig"; path = "Target Support Files/Pods-Aphasia AppTests/Pods-Aphasia AppTests.debug.xcconfig"; sourceTree = "<group>"; };
		3D600BC820655AF79D4858E2 /* Pods-Aphasia AppTests.release.xcconfig */ = {isa = PBXFileReference; includeInIndex = 1; lastKnownFileType = text.xcconfig; name = "Pods-Aphasia AppTests.release.xcconfig"; path = "Target Support Files/Pods-Aphasia AppTests/Pods-Aphasia AppTests.release.xcconfig"; sourceTree = "<group>"; };
		51114ABB2383B29F0023788F /* tree.jpeg */ = {isa = PBXFileReference; lastKnownFileType = image.jpeg; path = tree.jpeg; sourceTree = "<group>"; };
		51114ABD2383B4630023788F /* map.png */ = {isa = PBXFileReference; lastKnownFileType = image.png; path = map.png; sourceTree = "<group>"; };
		51114ABF2383B9C50023788F /* bench.jpeg */ = {isa = PBXFileReference; lastKnownFileType = image.jpeg; path = bench.jpeg; sourceTree = "<group>"; };
		636BE746E4BC251B396BCD6F /* Pods-Aphasia App-Aphasia AppUITests.debug.xcconfig */ = {isa = PBXFileReference; includeInIndex = 1; lastKnownFileType = text.xcconfig; name = "Pods-Aphasia App-Aphasia AppUITests.debug.xcconfig"; path = "Target Support Files/Pods-Aphasia App-Aphasia AppUITests/Pods-Aphasia App-Aphasia AppUITests.debug.xcconfig"; sourceTree = "<group>"; };
		82E6136F28581B98374719AB /* Pods_Aphasia_AppTests.framework */ = {isa = PBXFileReference; explicitFileType = wrapper.framework; includeInIndex = 0; path = Pods_Aphasia_AppTests.framework; sourceTree = BUILT_PRODUCTS_DIR; };
		9179C6DB168130C1EF2E53DE /* Pods-Aphasia App.debug.xcconfig */ = {isa = PBXFileReference; includeInIndex = 1; lastKnownFileType = text.xcconfig; name = "Pods-Aphasia App.debug.xcconfig"; path = "Target Support Files/Pods-Aphasia App/Pods-Aphasia App.debug.xcconfig"; sourceTree = "<group>"; };
		9F1B600DB353BC75CA312F1F /* Pods-Aphasia App-Aphasia AppUITests.release.xcconfig */ = {isa = PBXFileReference; includeInIndex = 1; lastKnownFileType = text.xcconfig; name = "Pods-Aphasia App-Aphasia AppUITests.release.xcconfig"; path = "Target Support Files/Pods-Aphasia App-Aphasia AppUITests/Pods-Aphasia App-Aphasia AppUITests.release.xcconfig"; sourceTree = "<group>"; };
		C68B2F741E1C85DB5B3A32DF /* Pods_Aphasia_App.framework */ = {isa = PBXFileReference; explicitFileType = wrapper.framework; includeInIndex = 0; path = Pods_Aphasia_App.framework; sourceTree = BUILT_PRODUCTS_DIR; };
		F654AB6213C229F88E8BB9E8 /* Pods_Aphasia_App_Aphasia_AppUITests.framework */ = {isa = PBXFileReference; explicitFileType = wrapper.framework; includeInIndex = 0; path = Pods_Aphasia_App_Aphasia_AppUITests.framework; sourceTree = BUILT_PRODUCTS_DIR; };
/* End PBXFileReference section */

/* Begin PBXFrameworksBuildPhase section */
		16CFA19D2374ADD00022C95F /* Frameworks */ = {
			isa = PBXFrameworksBuildPhase;
			buildActionMask = 2147483647;
			files = (
				3902C0C697C9C5C64F43C341 /* Pods_Aphasia_App.framework in Frameworks */,
			);
			runOnlyForDeploymentPostprocessing = 0;
		};
		16CFA1B32374ADD20022C95F /* Frameworks */ = {
			isa = PBXFrameworksBuildPhase;
			buildActionMask = 2147483647;
			files = (
				B7BE683C4378451E6D0C5912 /* Pods_Aphasia_AppTests.framework in Frameworks */,
			);
			runOnlyForDeploymentPostprocessing = 0;
		};
		16CFA1BE2374ADD20022C95F /* Frameworks */ = {
			isa = PBXFrameworksBuildPhase;
			buildActionMask = 2147483647;
			files = (
				1B753F710F670A0777C3C96C /* Pods_Aphasia_App_Aphasia_AppUITests.framework in Frameworks */,
			);
			runOnlyForDeploymentPostprocessing = 0;
		};
/* End PBXFrameworksBuildPhase section */

/* Begin PBXGroup section */
		16CFA1972374ADD00022C95F = {
			isa = PBXGroup;
			children = (
				16CFA1A22374ADD00022C95F /* Aphasia App */,
				16CFA1B92374ADD20022C95F /* Aphasia AppTests */,
				16CFA1C42374ADD20022C95F /* Aphasia AppUITests */,
				16CFA1A12374ADD00022C95F /* Products */,
				9D3139CB0705F3DCDBA0611A /* Pods */,
				BF3A0B5B7858296F59F90F43 /* Frameworks */,
			);
			sourceTree = "<group>";
		};
		16CFA1A12374ADD00022C95F /* Products */ = {
			isa = PBXGroup;
			children = (
				16CFA1A02374ADD00022C95F /* Aphasia App.app */,
				16CFA1B62374ADD20022C95F /* Aphasia AppTests.xctest */,
				16CFA1C12374ADD20022C95F /* Aphasia AppUITests.xctest */,
			);
			name = Products;
			sourceTree = "<group>";
		};
		16CFA1A22374ADD00022C95F /* Aphasia App */ = {
			isa = PBXGroup;
			children = (
				16CFA1A92374ADD00022C95F /* Main.storyboard */,
				16CFA1E32374C7CC0022C95F /* FirstPage.swift */,
				161AAF71237B5E5D00D505E7 /* LocationPage.swift */,
				16FE530923864219009FC96F /* ExerciseA.swift */,
				16EEACC12395B72C00C09534 /* ExerciseB.swift */,
				16FE531123876C08009FC96F /* Question.swift */,
				16FE531323876C98009FC96F /* QuestionBank.swift */,
				16FE530D2386553B009FC96F /* ExerciseATableViewCell.swift */,
				16A0F9C02388CA9400EF86BD /* CameraPageController.swift */,
				16F57C8523804DC800ED7422 /* background.jpeg */,
				161CB39923949AF70083A0CF /* BackgroundSky.png */,
				51114ABF2383B9C50023788F /* bench.jpeg */,
				16A9852E2380E3C2000C92E6 /* dog.jpeg */,
				16A9852F2380E3C2000C92E6 /* microphone.jpeg */,
				16A985302380E3C2000C92E6 /* spaker.jpeg */,
				16A9852D2380E3C2000C92E6 /* play.jpeg */,
				51114ABD2383B4630023788F /* map.png */,
				51114ABB2383B29F0023788F /* tree.jpeg */,
				16CFA1A32374ADD00022C95F /* AppDelegate.swift */,
				16CFA1A52374ADD00022C95F /* SceneDelegate.swift */,
				16CFA1AC2374ADD20022C95F /* Assets.xcassets */,
				16CFA1AE2374ADD20022C95F /* LaunchScreen.storyboard */,
				160396C92386310D00A6DEB7 /* GoogleService-Info.plist */,
				16CFA1B12374ADD20022C95F /* Info.plist */,
			);
			path = "Aphasia App";
			sourceTree = "<group>";
		};
		16CFA1B92374ADD20022C95F /* Aphasia AppTests */ = {
			isa = PBXGroup;
			children = (
				16CFA1BA2374ADD20022C95F /* Aphasia_AppTests.swift */,
				16CFA1BC2374ADD20022C95F /* Info.plist */,
			);
			path = "Aphasia AppTests";
			sourceTree = "<group>";
		};
		16CFA1C42374ADD20022C95F /* Aphasia AppUITests */ = {
			isa = PBXGroup;
			children = (
				16CFA1C52374ADD20022C95F /* Aphasia_AppUITests.swift */,
				16CFA1C72374ADD20022C95F /* Info.plist */,
			);
			path = "Aphasia AppUITests";
			sourceTree = "<group>";
		};
		9D3139CB0705F3DCDBA0611A /* Pods */ = {
			isa = PBXGroup;
			children = (
				9179C6DB168130C1EF2E53DE /* Pods-Aphasia App.debug.xcconfig */,
				008FB648340D3E1F6BE69F62 /* Pods-Aphasia App.release.xcconfig */,
				636BE746E4BC251B396BCD6F /* Pods-Aphasia App-Aphasia AppUITests.debug.xcconfig */,
				9F1B600DB353BC75CA312F1F /* Pods-Aphasia App-Aphasia AppUITests.release.xcconfig */,
				18D1189B5E4A5CA56CFF6FA3 /* Pods-Aphasia AppTests.debug.xcconfig */,
				3D600BC820655AF79D4858E2 /* Pods-Aphasia AppTests.release.xcconfig */,
			);
			path = Pods;
			sourceTree = "<group>";
		};
		BF3A0B5B7858296F59F90F43 /* Frameworks */ = {
			isa = PBXGroup;
			children = (
				C68B2F741E1C85DB5B3A32DF /* Pods_Aphasia_App.framework */,
				F654AB6213C229F88E8BB9E8 /* Pods_Aphasia_App_Aphasia_AppUITests.framework */,
				82E6136F28581B98374719AB /* Pods_Aphasia_AppTests.framework */,
			);
			name = Frameworks;
			sourceTree = "<group>";
		};
/* End PBXGroup section */

/* Begin PBXNativeTarget section */
		16CFA19F2374ADD00022C95F /* Aphasia App */ = {
			isa = PBXNativeTarget;
			buildConfigurationList = 16CFA1CA2374ADD20022C95F /* Build configuration list for PBXNativeTarget "Aphasia App" */;
			buildPhases = (
				6E3DA255EC609D1962C6C2B7 /* [CP] Check Pods Manifest.lock */,
				16CFA19C2374ADD00022C95F /* Sources */,
				16CFA19D2374ADD00022C95F /* Frameworks */,
				16CFA19E2374ADD00022C95F /* Resources */,
				8BFD14A0870F6E2538F447E1 /* [CP] Embed Pods Frameworks */,
			);
			buildRules = (
			);
			dependencies = (
			);
			name = "Aphasia App";
			productName = "Aphasia App";
			productReference = 16CFA1A02374ADD00022C95F /* Aphasia App.app */;
			productType = "com.apple.product-type.application";
		};
		16CFA1B52374ADD20022C95F /* Aphasia AppTests */ = {
			isa = PBXNativeTarget;
			buildConfigurationList = 16CFA1CD2374ADD20022C95F /* Build configuration list for PBXNativeTarget "Aphasia AppTests" */;
			buildPhases = (
				70B090A7AA81C3A432904104 /* [CP] Check Pods Manifest.lock */,
				16CFA1B22374ADD20022C95F /* Sources */,
				16CFA1B32374ADD20022C95F /* Frameworks */,
				16CFA1B42374ADD20022C95F /* Resources */,
			);
			buildRules = (
			);
			dependencies = (
				16CFA1B82374ADD20022C95F /* PBXTargetDependency */,
			);
			name = "Aphasia AppTests";
			productName = "Aphasia AppTests";
			productReference = 16CFA1B62374ADD20022C95F /* Aphasia AppTests.xctest */;
			productType = "com.apple.product-type.bundle.unit-test";
		};
		16CFA1C02374ADD20022C95F /* Aphasia AppUITests */ = {
			isa = PBXNativeTarget;
			buildConfigurationList = 16CFA1D02374ADD20022C95F /* Build configuration list for PBXNativeTarget "Aphasia AppUITests" */;
			buildPhases = (
				AD2E9AE7D9F40ED799E3497F /* [CP] Check Pods Manifest.lock */,
				16CFA1BD2374ADD20022C95F /* Sources */,
				16CFA1BE2374ADD20022C95F /* Frameworks */,
				16CFA1BF2374ADD20022C95F /* Resources */,
				A2D64C50C56573BFB45E070B /* [CP] Embed Pods Frameworks */,
			);
			buildRules = (
			);
			dependencies = (
				16CFA1C32374ADD20022C95F /* PBXTargetDependency */,
			);
			name = "Aphasia AppUITests";
			productName = "Aphasia AppUITests";
			productReference = 16CFA1C12374ADD20022C95F /* Aphasia AppUITests.xctest */;
			productType = "com.apple.product-type.bundle.ui-testing";
		};
/* End PBXNativeTarget section */

/* Begin PBXProject section */
		16CFA1982374ADD00022C95F /* Project object */ = {
			isa = PBXProject;
			attributes = {
				LastSwiftUpdateCheck = 1120;
				LastUpgradeCheck = 1120;
				ORGANIZATIONNAME = "Yuanyuan Zhou";
				TargetAttributes = {
					16CFA19F2374ADD00022C95F = {
						CreatedOnToolsVersion = 11.2;
					};
					16CFA1B52374ADD20022C95F = {
						CreatedOnToolsVersion = 11.2;
						TestTargetID = 16CFA19F2374ADD00022C95F;
					};
					16CFA1C02374ADD20022C95F = {
						CreatedOnToolsVersion = 11.2;
						TestTargetID = 16CFA19F2374ADD00022C95F;
					};
				};
			};
			buildConfigurationList = 16CFA19B2374ADD00022C95F /* Build configuration list for PBXProject "Aphasia App" */;
			compatibilityVersion = "Xcode 9.3";
			developmentRegion = en;
			hasScannedForEncodings = 0;
			knownRegions = (
				en,
				Base,
			);
			mainGroup = 16CFA1972374ADD00022C95F;
			productRefGroup = 16CFA1A12374ADD00022C95F /* Products */;
			projectDirPath = "";
			projectRoot = "";
			targets = (
				16CFA19F2374ADD00022C95F /* Aphasia App */,
				16CFA1B52374ADD20022C95F /* Aphasia AppTests */,
				16CFA1C02374ADD20022C95F /* Aphasia AppUITests */,
			);
		};
/* End PBXProject section */

/* Begin PBXResourcesBuildPhase section */
		16CFA19E2374ADD00022C95F /* Resources */ = {
			isa = PBXResourcesBuildPhase;
			buildActionMask = 2147483647;
			files = (
				16CFA1B02374ADD20022C95F /* LaunchScreen.storyboard in Resources */,
				16F57C8623804DC800ED7422 /* background.jpeg in Resources */,
				16CFA1AD2374ADD20022C95F /* Assets.xcassets in Resources */,
				16A985312380E3C2000C92E6 /* play.jpeg in Resources */,
				161CB39A23949AF80083A0CF /* BackgroundSky.png in Resources */,
				51114ABE2383B4630023788F /* map.png in Resources */,
				160396CA2386310D00A6DEB7 /* GoogleService-Info.plist in Resources */,
				16A985322380E3C2000C92E6 /* dog.jpeg in Resources */,
				51114AC02383B9C50023788F /* bench.jpeg in Resources */,
				16CFA1AB2374ADD00022C95F /* Main.storyboard in Resources */,
				16A985332380E3C2000C92E6 /* microphone.jpeg in Resources */,
				16A985342380E3C2000C92E6 /* spaker.jpeg in Resources */,
				51114ABC2383B29F0023788F /* tree.jpeg in Resources */,
			);
			runOnlyForDeploymentPostprocessing = 0;
		};
		16CFA1B42374ADD20022C95F /* Resources */ = {
			isa = PBXResourcesBuildPhase;
			buildActionMask = 2147483647;
			files = (
			);
			runOnlyForDeploymentPostprocessing = 0;
		};
		16CFA1BF2374ADD20022C95F /* Resources */ = {
			isa = PBXResourcesBuildPhase;
			buildActionMask = 2147483647;
			files = (
			);
			runOnlyForDeploymentPostprocessing = 0;
		};
/* End PBXResourcesBuildPhase section */

/* Begin PBXShellScriptBuildPhase section */
		6E3DA255EC609D1962C6C2B7 /* [CP] Check Pods Manifest.lock */ = {
			isa = PBXShellScriptBuildPhase;
			buildActionMask = 2147483647;
			files = (
			);
			inputFileListPaths = (
			);
			inputPaths = (
				"${PODS_PODFILE_DIR_PATH}/Podfile.lock",
				"${PODS_ROOT}/Manifest.lock",
			);
			name = "[CP] Check Pods Manifest.lock";
			outputFileListPaths = (
			);
			outputPaths = (
				"$(DERIVED_FILE_DIR)/Pods-Aphasia App-checkManifestLockResult.txt",
			);
			runOnlyForDeploymentPostprocessing = 0;
			shellPath = /bin/sh;
			shellScript = "diff \"${PODS_PODFILE_DIR_PATH}/Podfile.lock\" \"${PODS_ROOT}/Manifest.lock\" > /dev/null\nif [ $? != 0 ] ; then\n    # print error to STDERR\n    echo \"error: The sandbox is not in sync with the Podfile.lock. Run 'pod install' or update your CocoaPods installation.\" >&2\n    exit 1\nfi\n# This output is used by Xcode 'outputs' to avoid re-running this script phase.\necho \"SUCCESS\" > \"${SCRIPT_OUTPUT_FILE_0}\"\n";
			showEnvVarsInLog = 0;
		};
		70B090A7AA81C3A432904104 /* [CP] Check Pods Manifest.lock */ = {
			isa = PBXShellScriptBuildPhase;
			buildActionMask = 2147483647;
			files = (
			);
			inputFileListPaths = (
			);
			inputPaths = (
				"${PODS_PODFILE_DIR_PATH}/Podfile.lock",
				"${PODS_ROOT}/Manifest.lock",
			);
			name = "[CP] Check Pods Manifest.lock";
			outputFileListPaths = (
			);
			outputPaths = (
				"$(DERIVED_FILE_DIR)/Pods-Aphasia AppTests-checkManifestLockResult.txt",
			);
			runOnlyForDeploymentPostprocessing = 0;
			shellPath = /bin/sh;
			shellScript = "diff \"${PODS_PODFILE_DIR_PATH}/Podfile.lock\" \"${PODS_ROOT}/Manifest.lock\" > /dev/null\nif [ $? != 0 ] ; then\n    # print error to STDERR\n    echo \"error: The sandbox is not in sync with the Podfile.lock. Run 'pod install' or update your CocoaPods installation.\" >&2\n    exit 1\nfi\n# This output is used by Xcode 'outputs' to avoid re-running this script phase.\necho \"SUCCESS\" > \"${SCRIPT_OUTPUT_FILE_0}\"\n";
			showEnvVarsInLog = 0;
		};
		8BFD14A0870F6E2538F447E1 /* [CP] Embed Pods Frameworks */ = {
			isa = PBXShellScriptBuildPhase;
			buildActionMask = 2147483647;
			files = (
			);
			inputFileListPaths = (
				"${PODS_ROOT}/Target Support Files/Pods-Aphasia App/Pods-Aphasia App-frameworks-${CONFIGURATION}-input-files.xcfilelist",
			);
			name = "[CP] Embed Pods Frameworks";
			outputFileListPaths = (
				"${PODS_ROOT}/Target Support Files/Pods-Aphasia App/Pods-Aphasia App-frameworks-${CONFIGURATION}-output-files.xcfilelist",
			);
			runOnlyForDeploymentPostprocessing = 0;
			shellPath = /bin/sh;
			shellScript = "\"${PODS_ROOT}/Target Support Files/Pods-Aphasia App/Pods-Aphasia App-frameworks.sh\"\n";
			showEnvVarsInLog = 0;
		};
		A2D64C50C56573BFB45E070B /* [CP] Embed Pods Frameworks */ = {
			isa = PBXShellScriptBuildPhase;
			buildActionMask = 2147483647;
			files = (
			);
			inputFileListPaths = (
				"${PODS_ROOT}/Target Support Files/Pods-Aphasia App-Aphasia AppUITests/Pods-Aphasia App-Aphasia AppUITests-frameworks-${CONFIGURATION}-input-files.xcfilelist",
			);
			name = "[CP] Embed Pods Frameworks";
			outputFileListPaths = (
				"${PODS_ROOT}/Target Support Files/Pods-Aphasia App-Aphasia AppUITests/Pods-Aphasia App-Aphasia AppUITests-frameworks-${CONFIGURATION}-output-files.xcfilelist",
			);
			runOnlyForDeploymentPostprocessing = 0;
			shellPath = /bin/sh;
			shellScript = "\"${PODS_ROOT}/Target Support Files/Pods-Aphasia App-Aphasia AppUITests/Pods-Aphasia App-Aphasia AppUITests-frameworks.sh\"\n";
			showEnvVarsInLog = 0;
		};
		AD2E9AE7D9F40ED799E3497F /* [CP] Check Pods Manifest.lock */ = {
			isa = PBXShellScriptBuildPhase;
			buildActionMask = 2147483647;
			files = (
			);
			inputFileListPaths = (
			);
			inputPaths = (
				"${PODS_PODFILE_DIR_PATH}/Podfile.lock",
				"${PODS_ROOT}/Manifest.lock",
			);
			name = "[CP] Check Pods Manifest.lock";
			outputFileListPaths = (
			);
			outputPaths = (
				"$(DERIVED_FILE_DIR)/Pods-Aphasia App-Aphasia AppUITests-checkManifestLockResult.txt",
			);
			runOnlyForDeploymentPostprocessing = 0;
			shellPath = /bin/sh;
			shellScript = "diff \"${PODS_PODFILE_DIR_PATH}/Podfile.lock\" \"${PODS_ROOT}/Manifest.lock\" > /dev/null\nif [ $? != 0 ] ; then\n    # print error to STDERR\n    echo \"error: The sandbox is not in sync with the Podfile.lock. Run 'pod install' or update your CocoaPods installation.\" >&2\n    exit 1\nfi\n# This output is used by Xcode 'outputs' to avoid re-running this script phase.\necho \"SUCCESS\" > \"${SCRIPT_OUTPUT_FILE_0}\"\n";
			showEnvVarsInLog = 0;
		};
/* End PBXShellScriptBuildPhase section */

/* Begin PBXSourcesBuildPhase section */
		16CFA19C2374ADD00022C95F /* Sources */ = {
			isa = PBXSourcesBuildPhase;
			buildActionMask = 2147483647;
			files = (
				D5B9DECC23C0E324004B2B53 /* ExerciseB.swift in Sources */,
				161AAF72237B5E5E00D505E7 /* LocationPage.swift in Sources */,
				16FE531423876C98009FC96F /* QuestionBank.swift in Sources */,
				16A0F9C22388CA9B00EF86BD /* CameraPageController.swift in Sources */,
				16CFA1A42374ADD00022C95F /* AppDelegate.swift in Sources */,
				16CFA1A62374ADD00022C95F /* SceneDelegate.swift in Sources */,
				16FE530E2386553B009FC96F /* ExerciseATableViewCell.swift in Sources */,
				16FE530A23864219009FC96F /* ExerciseA.swift in Sources */,
				16CFA1E42374C7CC0022C95F /* FirstPage.swift in Sources */,
				16FE531223876C08009FC96F /* Question.swift in Sources */,
			);
			runOnlyForDeploymentPostprocessing = 0;
		};
		16CFA1B22374ADD20022C95F /* Sources */ = {
			isa = PBXSourcesBuildPhase;
			buildActionMask = 2147483647;
			files = (
				16CFA1BB2374ADD20022C95F /* Aphasia_AppTests.swift in Sources */,
			);
			runOnlyForDeploymentPostprocessing = 0;
		};
		16CFA1BD2374ADD20022C95F /* Sources */ = {
			isa = PBXSourcesBuildPhase;
			buildActionMask = 2147483647;
			files = (
				16CFA1C62374ADD20022C95F /* Aphasia_AppUITests.swift in Sources */,
			);
			runOnlyForDeploymentPostprocessing = 0;
		};
/* End PBXSourcesBuildPhase section */

/* Begin PBXTargetDependency section */
		16CFA1B82374ADD20022C95F /* PBXTargetDependency */ = {
			isa = PBXTargetDependency;
			target = 16CFA19F2374ADD00022C95F /* Aphasia App */;
			targetProxy = 16CFA1B72374ADD20022C95F /* PBXContainerItemProxy */;
		};
		16CFA1C32374ADD20022C95F /* PBXTargetDependency */ = {
			isa = PBXTargetDependency;
			target = 16CFA19F2374ADD00022C95F /* Aphasia App */;
			targetProxy = 16CFA1C22374ADD20022C95F /* PBXContainerItemProxy */;
		};
/* End PBXTargetDependency section */

/* Begin PBXVariantGroup section */
		16CFA1A92374ADD00022C95F /* Main.storyboard */ = {
			isa = PBXVariantGroup;
			children = (
				16CFA1AA2374ADD00022C95F /* Base */,
			);
			name = Main.storyboard;
			sourceTree = "<group>";
		};
		16CFA1AE2374ADD20022C95F /* LaunchScreen.storyboard */ = {
			isa = PBXVariantGroup;
			children = (
				16CFA1AF2374ADD20022C95F /* Base */,
			);
			name = LaunchScreen.storyboard;
			sourceTree = "<group>";
		};
/* End PBXVariantGroup section */

/* Begin XCBuildConfiguration section */
		16CFA1C82374ADD20022C95F /* Debug */ = {
			isa = XCBuildConfiguration;
			buildSettings = {
				ALWAYS_SEARCH_USER_PATHS = NO;
				CLANG_ANALYZER_NONNULL = YES;
				CLANG_ANALYZER_NUMBER_OBJECT_CONVERSION = YES_AGGRESSIVE;
				CLANG_CXX_LANGUAGE_STANDARD = "gnu++14";
				CLANG_CXX_LIBRARY = "libc++";
				CLANG_ENABLE_MODULES = YES;
				CLANG_ENABLE_OBJC_ARC = YES;
				CLANG_ENABLE_OBJC_WEAK = YES;
				CLANG_WARN_BLOCK_CAPTURE_AUTORELEASING = YES;
				CLANG_WARN_BOOL_CONVERSION = YES;
				CLANG_WARN_COMMA = YES;
				CLANG_WARN_CONSTANT_CONVERSION = YES;
				CLANG_WARN_DEPRECATED_OBJC_IMPLEMENTATIONS = YES;
				CLANG_WARN_DIRECT_OBJC_ISA_USAGE = YES_ERROR;
				CLANG_WARN_DOCUMENTATION_COMMENTS = YES;
				CLANG_WARN_EMPTY_BODY = YES;
				CLANG_WARN_ENUM_CONVERSION = YES;
				CLANG_WARN_INFINITE_RECURSION = YES;
				CLANG_WARN_INT_CONVERSION = YES;
				CLANG_WARN_NON_LITERAL_NULL_CONVERSION = YES;
				CLANG_WARN_OBJC_IMPLICIT_RETAIN_SELF = YES;
				CLANG_WARN_OBJC_LITERAL_CONVERSION = YES;
				CLANG_WARN_OBJC_ROOT_CLASS = YES_ERROR;
				CLANG_WARN_RANGE_LOOP_ANALYSIS = YES;
				CLANG_WARN_STRICT_PROTOTYPES = YES;
				CLANG_WARN_SUSPICIOUS_MOVE = YES;
				CLANG_WARN_UNGUARDED_AVAILABILITY = YES_AGGRESSIVE;
				CLANG_WARN_UNREACHABLE_CODE = YES;
				CLANG_WARN__DUPLICATE_METHOD_MATCH = YES;
				COPY_PHASE_STRIP = NO;
				DEBUG_INFORMATION_FORMAT = dwarf;
				ENABLE_STRICT_OBJC_MSGSEND = YES;
				ENABLE_TESTABILITY = YES;
				GCC_C_LANGUAGE_STANDARD = gnu11;
				GCC_DYNAMIC_NO_PIC = NO;
				GCC_NO_COMMON_BLOCKS = YES;
				GCC_OPTIMIZATION_LEVEL = 0;
				GCC_PREPROCESSOR_DEFINITIONS = (
					"DEBUG=1",
					"$(inherited)",
				);
				GCC_WARN_64_TO_32_BIT_CONVERSION = YES;
				GCC_WARN_ABOUT_RETURN_TYPE = YES_ERROR;
				GCC_WARN_UNDECLARED_SELECTOR = YES;
				GCC_WARN_UNINITIALIZED_AUTOS = YES_AGGRESSIVE;
				GCC_WARN_UNUSED_FUNCTION = YES;
				GCC_WARN_UNUSED_VARIABLE = YES;
				IPHONEOS_DEPLOYMENT_TARGET = 13.2;
				MTL_ENABLE_DEBUG_INFO = INCLUDE_SOURCE;
				MTL_FAST_MATH = YES;
				ONLY_ACTIVE_ARCH = YES;
				SDKROOT = iphoneos;
				SWIFT_ACTIVE_COMPILATION_CONDITIONS = DEBUG;
				SWIFT_OPTIMIZATION_LEVEL = "-Onone";
			};
			name = Debug;
		};
		16CFA1C92374ADD20022C95F /* Release */ = {
			isa = XCBuildConfiguration;
			buildSettings = {
				ALWAYS_SEARCH_USER_PATHS = NO;
				CLANG_ANALYZER_NONNULL = YES;
				CLANG_ANALYZER_NUMBER_OBJECT_CONVERSION = YES_AGGRESSIVE;
				CLANG_CXX_LANGUAGE_STANDARD = "gnu++14";
				CLANG_CXX_LIBRARY = "libc++";
				CLANG_ENABLE_MODULES = YES;
				CLANG_ENABLE_OBJC_ARC = YES;
				CLANG_ENABLE_OBJC_WEAK = YES;
				CLANG_WARN_BLOCK_CAPTURE_AUTORELEASING = YES;
				CLANG_WARN_BOOL_CONVERSION = YES;
				CLANG_WARN_COMMA = YES;
				CLANG_WARN_CONSTANT_CONVERSION = YES;
				CLANG_WARN_DEPRECATED_OBJC_IMPLEMENTATIONS = YES;
				CLANG_WARN_DIRECT_OBJC_ISA_USAGE = YES_ERROR;
				CLANG_WARN_DOCUMENTATION_COMMENTS = YES;
				CLANG_WARN_EMPTY_BODY = YES;
				CLANG_WARN_ENUM_CONVERSION = YES;
				CLANG_WARN_INFINITE_RECURSION = YES;
				CLANG_WARN_INT_CONVERSION = YES;
				CLANG_WARN_NON_LITERAL_NULL_CONVERSION = YES;
				CLANG_WARN_OBJC_IMPLICIT_RETAIN_SELF = YES;
				CLANG_WARN_OBJC_LITERAL_CONVERSION = YES;
				CLANG_WARN_OBJC_ROOT_CLASS = YES_ERROR;
				CLANG_WARN_RANGE_LOOP_ANALYSIS = YES;
				CLANG_WARN_STRICT_PROTOTYPES = YES;
				CLANG_WARN_SUSPICIOUS_MOVE = YES;
				CLANG_WARN_UNGUARDED_AVAILABILITY = YES_AGGRESSIVE;
				CLANG_WARN_UNREACHABLE_CODE = YES;
				CLANG_WARN__DUPLICATE_METHOD_MATCH = YES;
				COPY_PHASE_STRIP = NO;
				DEBUG_INFORMATION_FORMAT = "dwarf-with-dsym";
				ENABLE_NS_ASSERTIONS = NO;
				ENABLE_STRICT_OBJC_MSGSEND = YES;
				GCC_C_LANGUAGE_STANDARD = gnu11;
				GCC_NO_COMMON_BLOCKS = YES;
				GCC_WARN_64_TO_32_BIT_CONVERSION = YES;
				GCC_WARN_ABOUT_RETURN_TYPE = YES_ERROR;
				GCC_WARN_UNDECLARED_SELECTOR = YES;
				GCC_WARN_UNINITIALIZED_AUTOS = YES_AGGRESSIVE;
				GCC_WARN_UNUSED_FUNCTION = YES;
				GCC_WARN_UNUSED_VARIABLE = YES;
				IPHONEOS_DEPLOYMENT_TARGET = 13.2;
				MTL_ENABLE_DEBUG_INFO = NO;
				MTL_FAST_MATH = YES;
				SDKROOT = iphoneos;
				SWIFT_COMPILATION_MODE = wholemodule;
				SWIFT_OPTIMIZATION_LEVEL = "-O";
				VALIDATE_PRODUCT = YES;
			};
			name = Release;
		};
		16CFA1CB2374ADD20022C95F /* Debug */ = {
			isa = XCBuildConfiguration;
			baseConfigurationReference = 9179C6DB168130C1EF2E53DE /* Pods-Aphasia App.debug.xcconfig */;
			buildSettings = {
				ASSETCATALOG_COMPILER_APPICON_NAME = AppIcon;
				CODE_SIGN_STYLE = Automatic;
				DEVELOPMENT_TEAM = K8X5DF3A3A;
				INFOPLIST_FILE = "Aphasia App/Info.plist";
				IPHONEOS_DEPLOYMENT_TARGET = 13.2;
				LD_RUNPATH_SEARCH_PATHS = (
					"$(inherited)",
					"@executable_path/Frameworks",
				);
				PRODUCT_BUNDLE_IDENTIFIER = com.AphasiaApp;
				PRODUCT_NAME = "$(TARGET_NAME)";
				SWIFT_VERSION = 5.0;
				TARGETED_DEVICE_FAMILY = "1,2";
			};
			name = Debug;
		};
		16CFA1CC2374ADD20022C95F /* Release */ = {
			isa = XCBuildConfiguration;
			baseConfigurationReference = 008FB648340D3E1F6BE69F62 /* Pods-Aphasia App.release.xcconfig */;
			buildSettings = {
				ASSETCATALOG_COMPILER_APPICON_NAME = AppIcon;
				CODE_SIGN_STYLE = Automatic;
				DEVELOPMENT_TEAM = K8X5DF3A3A;
				INFOPLIST_FILE = "Aphasia App/Info.plist";
				IPHONEOS_DEPLOYMENT_TARGET = 13.2;
				LD_RUNPATH_SEARCH_PATHS = (
					"$(inherited)",
					"@executable_path/Frameworks",
				);
				PRODUCT_BUNDLE_IDENTIFIER = com.AphasiaApp;
				PRODUCT_NAME = "$(TARGET_NAME)";
				SWIFT_VERSION = 5.0;
				TARGETED_DEVICE_FAMILY = "1,2";
			};
			name = Release;
		};
		16CFA1CE2374ADD20022C95F /* Debug */ = {
			isa = XCBuildConfiguration;
			baseConfigurationReference = 18D1189B5E4A5CA56CFF6FA3 /* Pods-Aphasia AppTests.debug.xcconfig */;
			buildSettings = {
				ALWAYS_EMBED_SWIFT_STANDARD_LIBRARIES = YES;
				BUNDLE_LOADER = "$(TEST_HOST)";
				CODE_SIGN_STYLE = Automatic;
				DEVELOPMENT_TEAM = K8X5DF3A3A;
				INFOPLIST_FILE = "Aphasia AppTests/Info.plist";
				IPHONEOS_DEPLOYMENT_TARGET = 13.2;
				LD_RUNPATH_SEARCH_PATHS = (
					"$(inherited)",
					"@executable_path/Frameworks",
					"@loader_path/Frameworks",
				);
				PRODUCT_BUNDLE_IDENTIFIER = "-019079.Aphasia-AppTests";
				PRODUCT_NAME = "$(TARGET_NAME)";
				SWIFT_VERSION = 5.0;
				TARGETED_DEVICE_FAMILY = "1,2";
				TEST_HOST = "$(BUILT_PRODUCTS_DIR)/Aphasia App.app/Aphasia App";
			};
			name = Debug;
		};
		16CFA1CF2374ADD20022C95F /* Release */ = {
			isa = XCBuildConfiguration;
			baseConfigurationReference = 3D600BC820655AF79D4858E2 /* Pods-Aphasia AppTests.release.xcconfig */;
			buildSettings = {
				ALWAYS_EMBED_SWIFT_STANDARD_LIBRARIES = YES;
				BUNDLE_LOADER = "$(TEST_HOST)";
				CODE_SIGN_STYLE = Automatic;
				DEVELOPMENT_TEAM = K8X5DF3A3A;
				INFOPLIST_FILE = "Aphasia AppTests/Info.plist";
				IPHONEOS_DEPLOYMENT_TARGET = 13.2;
				LD_RUNPATH_SEARCH_PATHS = (
					"$(inherited)",
					"@executable_path/Frameworks",
					"@loader_path/Frameworks",
				);
				PRODUCT_BUNDLE_IDENTIFIER = "-019079.Aphasia-AppTests";
				PRODUCT_NAME = "$(TARGET_NAME)";
				SWIFT_VERSION = 5.0;
				TARGETED_DEVICE_FAMILY = "1,2";
				TEST_HOST = "$(BUILT_PRODUCTS_DIR)/Aphasia App.app/Aphasia App";
			};
			name = Release;
		};
		16CFA1D12374ADD20022C95F /* Debug */ = {
			isa = XCBuildConfiguration;
			baseConfigurationReference = 636BE746E4BC251B396BCD6F /* Pods-Aphasia App-Aphasia AppUITests.debug.xcconfig */;
			buildSettings = {
				ALWAYS_EMBED_SWIFT_STANDARD_LIBRARIES = YES;
				CODE_SIGN_STYLE = Automatic;
				DEVELOPMENT_TEAM = K8X5DF3A3A;
				INFOPLIST_FILE = "Aphasia AppUITests/Info.plist";
				LD_RUNPATH_SEARCH_PATHS = (
					"$(inherited)",
					"@executable_path/Frameworks",
					"@loader_path/Frameworks",
				);
				PRODUCT_BUNDLE_IDENTIFIER = "-019079.Aphasia-AppUITests";
				PRODUCT_NAME = "$(TARGET_NAME)";
				SWIFT_VERSION = 5.0;
				TARGETED_DEVICE_FAMILY = "1,2";
				TEST_TARGET_NAME = "Aphasia App";
			};
			name = Debug;
		};
		16CFA1D22374ADD20022C95F /* Release */ = {
			isa = XCBuildConfiguration;
			baseConfigurationReference = 9F1B600DB353BC75CA312F1F /* Pods-Aphasia App-Aphasia AppUITests.release.xcconfig */;
			buildSettings = {
				ALWAYS_EMBED_SWIFT_STANDARD_LIBRARIES = YES;
				CODE_SIGN_STYLE = Automatic;
				DEVELOPMENT_TEAM = K8X5DF3A3A;
				INFOPLIST_FILE = "Aphasia AppUITests/Info.plist";
				LD_RUNPATH_SEARCH_PATHS = (
					"$(inherited)",
					"@executable_path/Frameworks",
					"@loader_path/Frameworks",
				);
				PRODUCT_BUNDLE_IDENTIFIER = "-019079.Aphasia-AppUITests";
				PRODUCT_NAME = "$(TARGET_NAME)";
				SWIFT_VERSION = 5.0;
				TARGETED_DEVICE_FAMILY = "1,2";
				TEST_TARGET_NAME = "Aphasia App";
			};
			name = Release;
		};
/* End XCBuildConfiguration section */

/* Begin XCConfigurationList section */
		16CFA19B2374ADD00022C95F /* Build configuration list for PBXProject "Aphasia App" */ = {
			isa = XCConfigurationList;
			buildConfigurations = (
				16CFA1C82374ADD20022C95F /* Debug */,
				16CFA1C92374ADD20022C95F /* Release */,
			);
			defaultConfigurationIsVisible = 0;
			defaultConfigurationName = Release;
		};
		16CFA1CA2374ADD20022C95F /* Build configuration list for PBXNativeTarget "Aphasia App" */ = {
			isa = XCConfigurationList;
			buildConfigurations = (
				16CFA1CB2374ADD20022C95F /* Debug */,
				16CFA1CC2374ADD20022C95F /* Release */,
			);
			defaultConfigurationIsVisible = 0;
			defaultConfigurationName = Release;
		};
		16CFA1CD2374ADD20022C95F /* Build configuration list for PBXNativeTarget "Aphasia AppTests" */ = {
			isa = XCConfigurationList;
			buildConfigurations = (
				16CFA1CE2374ADD20022C95F /* Debug */,
				16CFA1CF2374ADD20022C95F /* Release */,
			);
			defaultConfigurationIsVisible = 0;
			defaultConfigurationName = Release;
		};
		16CFA1D02374ADD20022C95F /* Build configuration list for PBXNativeTarget "Aphasia AppUITests" */ = {
			isa = XCConfigurationList;
			buildConfigurations = (
				16CFA1D12374ADD20022C95F /* Debug */,
				16CFA1D22374ADD20022C95F /* Release */,
			);
			defaultConfigurationIsVisible = 0;
			defaultConfigurationName = Release;
		};
/* End XCConfigurationList section */
	};
	rootObject = 16CFA1982374ADD00022C95F /* Project object */;
}
