// !$*UTF8*$!
{
	archiveVersion = 1;
	classes = {
	};
	objectVersion = 50;
	objects = {

/* Begin PBXBuildFile section */
		D58682602380431700EB4A27 /* AppDelegate.swift in Sources */ = {isa = PBXBuildFile; fileRef = D586825F2380431700EB4A27 /* AppDelegate.swift */; };
		D58682622380431700EB4A27 /* SceneDelegate.swift in Sources */ = {isa = PBXBuildFile; fileRef = D58682612380431700EB4A27 /* SceneDelegate.swift */; };
		D58682642380431700EB4A27 /* ViewController.swift in Sources */ = {isa = PBXBuildFile; fileRef = D58682632380431700EB4A27 /* ViewController.swift */; };
		D58682672380431700EB4A27 /* Main.storyboard in Resources */ = {isa = PBXBuildFile; fileRef = D58682652380431700EB4A27 /* Main.storyboard */; };
		D586826A2380431700EB4A27 /* aphasia_app.xcdatamodeld in Sources */ = {isa = PBXBuildFile; fileRef = D58682682380431700EB4A27 /* aphasia_app.xcdatamodeld */; };
		D586826C2380431B00EB4A27 /* Assets.xcassets in Resources */ = {isa = PBXBuildFile; fileRef = D586826B2380431B00EB4A27 /* Assets.xcassets */; };
		D586826F2380431B00EB4A27 /* LaunchScreen.storyboard in Resources */ = {isa = PBXBuildFile; fileRef = D586826D2380431B00EB4A27 /* LaunchScreen.storyboard */; };
		D586827A2380431B00EB4A27 /* aphasia_appTests.swift in Sources */ = {isa = PBXBuildFile; fileRef = D58682792380431B00EB4A27 /* aphasia_appTests.swift */; };
/* End PBXBuildFile section */

/* Begin PBXContainerItemProxy section */
		D58682762380431B00EB4A27 /* PBXContainerItemProxy */ = {
			isa = PBXContainerItemProxy;
			containerPortal = D58682542380431700EB4A27 /* Project object */;
			proxyType = 1;
			remoteGlobalIDString = D586825B2380431700EB4A27;
			remoteInfo = "aphasia-app";
		};
/* End PBXContainerItemProxy section */

/* Begin PBXFileReference section */
		D586825C2380431700EB4A27 /* aphasia-app.app */ = {isa = PBXFileReference; explicitFileType = wrapper.application; includeInIndex = 0; path = "aphasia-app.app"; sourceTree = BUILT_PRODUCTS_DIR; };
		D586825F2380431700EB4A27 /* AppDelegate.swift */ = {isa = PBXFileReference; lastKnownFileType = sourcecode.swift; path = AppDelegate.swift; sourceTree = "<group>"; };
		D58682612380431700EB4A27 /* SceneDelegate.swift */ = {isa = PBXFileReference; lastKnownFileType = sourcecode.swift; path = SceneDelegate.swift; sourceTree = "<group>"; };
		D58682632380431700EB4A27 /* ViewController.swift */ = {isa = PBXFileReference; lastKnownFileType = sourcecode.swift; path = ViewController.swift; sourceTree = "<group>"; };
		D58682662380431700EB4A27 /* Base */ = {isa = PBXFileReference; lastKnownFileType = file.storyboard; name = Base; path = Base.lproj/Main.storyboard; sourceTree = "<group>"; };
		D58682692380431700EB4A27 /* aphasia_app.xcdatamodel */ = {isa = PBXFileReference; lastKnownFileType = wrapper.xcdatamodel; path = aphasia_app.xcdatamodel; sourceTree = "<group>"; };
		D586826B2380431B00EB4A27 /* Assets.xcassets */ = {isa = PBXFileReference; lastKnownFileType = folder.assetcatalog; path = Assets.xcassets; sourceTree = "<group>"; };
		D586826E2380431B00EB4A27 /* Base */ = {isa = PBXFileReference; lastKnownFileType = file.storyboard; name = Base; path = Base.lproj/LaunchScreen.storyboard; sourceTree = "<group>"; };
		D58682702380431B00EB4A27 /* Info.plist */ = {isa = PBXFileReference; lastKnownFileType = text.plist.xml; path = Info.plist; sourceTree = "<group>"; };
		D58682752380431B00EB4A27 /* aphasia-appTests.xctest */ = {isa = PBXFileReference; explicitFileType = wrapper.cfbundle; includeInIndex = 0; path = "aphasia-appTests.xctest"; sourceTree = BUILT_PRODUCTS_DIR; };
		D58682792380431B00EB4A27 /* aphasia_appTests.swift */ = {isa = PBXFileReference; lastKnownFileType = sourcecode.swift; path = aphasia_appTests.swift; sourceTree = "<group>"; };
		D586827B2380431B00EB4A27 /* Info.plist */ = {isa = PBXFileReference; lastKnownFileType = text.plist.xml; path = Info.plist; sourceTree = "<group>"; };
/* End PBXFileReference section */

/* Begin PBXFrameworksBuildPhase section */
		D58682592380431700EB4A27 /* Frameworks */ = {
			isa = PBXFrameworksBuildPhase;
			buildActionMask = 2147483647;
			files = (
			);
			runOnlyForDeploymentPostprocessing = 0;
		};
		D58682722380431B00EB4A27 /* Frameworks */ = {
			isa = PBXFrameworksBuildPhase;
			buildActionMask = 2147483647;
			files = (
			);
			runOnlyForDeploymentPostprocessing = 0;
		};
/* End PBXFrameworksBuildPhase section */

/* Begin PBXGroup section */
		D58682532380431700EB4A27 = {
			isa = PBXGroup;
			children = (
				D586825E2380431700EB4A27 /* aphasia-app */,
				D58682782380431B00EB4A27 /* aphasia-appTests */,
				D586825D2380431700EB4A27 /* Products */,
			);
			sourceTree = "<group>";
		};
		D586825D2380431700EB4A27 /* Products */ = {
			isa = PBXGroup;
			children = (
				D586825C2380431700EB4A27 /* aphasia-app.app */,
				D58682752380431B00EB4A27 /* aphasia-appTests.xctest */,
			);
			name = Products;
			sourceTree = "<group>";
		};
		D586825E2380431700EB4A27 /* aphasia-app */ = {
			isa = PBXGroup;
			children = (
				D586825F2380431700EB4A27 /* AppDelegate.swift */,
				D58682612380431700EB4A27 /* SceneDelegate.swift */,
				D58682632380431700EB4A27 /* ViewController.swift */,
				D58682652380431700EB4A27 /* Main.storyboard */,
				D586826B2380431B00EB4A27 /* Assets.xcassets */,
				D586826D2380431B00EB4A27 /* LaunchScreen.storyboard */,
				D58682702380431B00EB4A27 /* Info.plist */,
				D58682682380431700EB4A27 /* aphasia_app.xcdatamodeld */,
			);
			path = "aphasia-app";
			sourceTree = "<group>";
		};
		D58682782380431B00EB4A27 /* aphasia-appTests */ = {
			isa = PBXGroup;
			children = (
				D58682792380431B00EB4A27 /* aphasia_appTests.swift */,
				D586827B2380431B00EB4A27 /* Info.plist */,
			);
			path = "aphasia-appTests";
			sourceTree = "<group>";
		};
/* End PBXGroup section */

/* Begin PBXNativeTarget section */
		D586825B2380431700EB4A27 /* aphasia-app */ = {
			isa = PBXNativeTarget;
			buildConfigurationList = D586827E2380431B00EB4A27 /* Build configuration list for PBXNativeTarget "aphasia-app" */;
			buildPhases = (
				D58682582380431700EB4A27 /* Sources */,
				D58682592380431700EB4A27 /* Frameworks */,
				D586825A2380431700EB4A27 /* Resources */,
			);
			buildRules = (
			);
			dependencies = (
			);
			name = "aphasia-app";
			productName = "aphasia-app";
			productReference = D586825C2380431700EB4A27 /* aphasia-app.app */;
			productType = "com.apple.product-type.application";
		};
		D58682742380431B00EB4A27 /* aphasia-appTests */ = {
			isa = PBXNativeTarget;
			buildConfigurationList = D58682812380431B00EB4A27 /* Build configuration list for PBXNativeTarget "aphasia-appTests" */;
			buildPhases = (
				D58682712380431B00EB4A27 /* Sources */,
				D58682722380431B00EB4A27 /* Frameworks */,
				D58682732380431B00EB4A27 /* Resources */,
			);
			buildRules = (
			);
			dependencies = (
				D58682772380431B00EB4A27 /* PBXTargetDependency */,
			);
			name = "aphasia-appTests";
			productName = "aphasia-appTests";
			productReference = D58682752380431B00EB4A27 /* aphasia-appTests.xctest */;
			productType = "com.apple.product-type.bundle.unit-test";
		};
/* End PBXNativeTarget section */

/* Begin PBXProject section */
		D58682542380431700EB4A27 /* Project object */ = {
			isa = PBXProject;
			attributes = {
				LastSwiftUpdateCheck = 1120;
				LastUpgradeCheck = 1120;
				ORGANIZATIONNAME = "Katherine Bancroft";
				TargetAttributes = {
					D586825B2380431700EB4A27 = {
						CreatedOnToolsVersion = 11.2;
					};
					D58682742380431B00EB4A27 = {
						CreatedOnToolsVersion = 11.2;
						TestTargetID = D586825B2380431700EB4A27;
					};
				};
			};
			buildConfigurationList = D58682572380431700EB4A27 /* Build configuration list for PBXProject "aphasia-app" */;
			compatibilityVersion = "Xcode 9.3";
			developmentRegion = en;
			hasScannedForEncodings = 0;
			knownRegions = (
				en,
				Base,
			);
			mainGroup = D58682532380431700EB4A27;
			productRefGroup = D586825D2380431700EB4A27 /* Products */;
			projectDirPath = "";
			projectRoot = "";
			targets = (
				D586825B2380431700EB4A27 /* aphasia-app */,
				D58682742380431B00EB4A27 /* aphasia-appTests */,
			);
		};
/* End PBXProject section */

/* Begin PBXResourcesBuildPhase section */
		D586825A2380431700EB4A27 /* Resources */ = {
			isa = PBXResourcesBuildPhase;
			buildActionMask = 2147483647;
			files = (
				D586826F2380431B00EB4A27 /* LaunchScreen.storyboard in Resources */,
				D586826C2380431B00EB4A27 /* Assets.xcassets in Resources */,
				D58682672380431700EB4A27 /* Main.storyboard in Resources */,
			);
			runOnlyForDeploymentPostprocessing = 0;
		};
		D58682732380431B00EB4A27 /* Resources */ = {
			isa = PBXResourcesBuildPhase;
			buildActionMask = 2147483647;
			files = (
			);
			runOnlyForDeploymentPostprocessing = 0;
		};
/* End PBXResourcesBuildPhase section */

/* Begin PBXSourcesBuildPhase section */
		D58682582380431700EB4A27 /* Sources */ = {
			isa = PBXSourcesBuildPhase;
			buildActionMask = 2147483647;
			files = (
				D58682642380431700EB4A27 /* ViewController.swift in Sources */,
				D58682602380431700EB4A27 /* AppDelegate.swift in Sources */,
				D58682622380431700EB4A27 /* SceneDelegate.swift in Sources */,
				D586826A2380431700EB4A27 /* aphasia_app.xcdatamodeld in Sources */,
			);
			runOnlyForDeploymentPostprocessing = 0;
		};
		D58682712380431B00EB4A27 /* Sources */ = {
			isa = PBXSourcesBuildPhase;
			buildActionMask = 2147483647;
			files = (
				D586827A2380431B00EB4A27 /* aphasia_appTests.swift in Sources */,
			);
			runOnlyForDeploymentPostprocessing = 0;
		};
/* End PBXSourcesBuildPhase section */

/* Begin PBXTargetDependency section */
		D58682772380431B00EB4A27 /* PBXTargetDependency */ = {
			isa = PBXTargetDependency;
			target = D586825B2380431700EB4A27 /* aphasia-app */;
			targetProxy = D58682762380431B00EB4A27 /* PBXContainerItemProxy */;
		};
/* End PBXTargetDependency section */

/* Begin PBXVariantGroup section */
		D58682652380431700EB4A27 /* Main.storyboard */ = {
			isa = PBXVariantGroup;
			children = (
				D58682662380431700EB4A27 /* Base */,
			);
			name = Main.storyboard;
			sourceTree = "<group>";
		};
		D586826D2380431B00EB4A27 /* LaunchScreen.storyboard */ = {
			isa = PBXVariantGroup;
			children = (
				D586826E2380431B00EB4A27 /* Base */,
			);
			name = LaunchScreen.storyboard;
			sourceTree = "<group>";
		};
/* End PBXVariantGroup section */

/* Begin XCBuildConfiguration section */
		D586827C2380431B00EB4A27 /* Debug */ = {
			isa = XCBuildConfiguration;
			buildSettings = {
				ALWAYS_SEARCH_USER_PATHS = NO;
				CLANG_ANALYZER_NONNULL = YES;
				CLANG_ANALYZER_NUMBER_OBJECT_CONVERSION = YES_AGGRESSIVE;
				CLANG_CXX_LANGUAGE_STANDARD = "gnu++14";
				CLANG_CXX_LIBRARY = "libc++";
				CLANG_ENABLE_MODULES = YES;
				CLANG_ENABLE_OBJC_ARC = YES;
				CLANG_ENABLE_OBJC_WEAK = YES;
				CLANG_WARN_BLOCK_CAPTURE_AUTORELEASING = YES;
				CLANG_WARN_BOOL_CONVERSION = YES;
				CLANG_WARN_COMMA = YES;
				CLANG_WARN_CONSTANT_CONVERSION = YES;
				CLANG_WARN_DEPRECATED_OBJC_IMPLEMENTATIONS = YES;
				CLANG_WARN_DIRECT_OBJC_ISA_USAGE = YES_ERROR;
				CLANG_WARN_DOCUMENTATION_COMMENTS = YES;
				CLANG_WARN_EMPTY_BODY = YES;
				CLANG_WARN_ENUM_CONVERSION = YES;
				CLANG_WARN_INFINITE_RECURSION = YES;
				CLANG_WARN_INT_CONVERSION = YES;
				CLANG_WARN_NON_LITERAL_NULL_CONVERSION = YES;
				CLANG_WARN_OBJC_IMPLICIT_RETAIN_SELF = YES;
				CLANG_WARN_OBJC_LITERAL_CONVERSION = YES;
				CLANG_WARN_OBJC_ROOT_CLASS = YES_ERROR;
				CLANG_WARN_RANGE_LOOP_ANALYSIS = YES;
				CLANG_WARN_STRICT_PROTOTYPES = YES;
				CLANG_WARN_SUSPICIOUS_MOVE = YES;
				CLANG_WARN_UNGUARDED_AVAILABILITY = YES_AGGRESSIVE;
				CLANG_WARN_UNREACHABLE_CODE = YES;
				CLANG_WARN__DUPLICATE_METHOD_MATCH = YES;
				COPY_PHASE_STRIP = NO;
				DEBUG_INFORMATION_FORMAT = dwarf;
				ENABLE_STRICT_OBJC_MSGSEND = YES;
				ENABLE_TESTABILITY = YES;
				GCC_C_LANGUAGE_STANDARD = gnu11;
				GCC_DYNAMIC_NO_PIC = NO;
				GCC_NO_COMMON_BLOCKS = YES;
				GCC_OPTIMIZATION_LEVEL = 0;
				GCC_PREPROCESSOR_DEFINITIONS = (
					"DEBUG=1",
					"$(inherited)",
				);
				GCC_WARN_64_TO_32_BIT_CONVERSION = YES;
				GCC_WARN_ABOUT_RETURN_TYPE = YES_ERROR;
				GCC_WARN_UNDECLARED_SELECTOR = YES;
				GCC_WARN_UNINITIALIZED_AUTOS = YES_AGGRESSIVE;
				GCC_WARN_UNUSED_FUNCTION = YES;
				GCC_WARN_UNUSED_VARIABLE = YES;
				IPHONEOS_DEPLOYMENT_TARGET = 13.2;
				MTL_ENABLE_DEBUG_INFO = INCLUDE_SOURCE;
				MTL_FAST_MATH = YES;
				ONLY_ACTIVE_ARCH = YES;
				SDKROOT = iphoneos;
				SWIFT_ACTIVE_COMPILATION_CONDITIONS = DEBUG;
				SWIFT_OPTIMIZATION_LEVEL = "-Onone";
			};
			name = Debug;
		};
		D586827D2380431B00EB4A27 /* Release */ = {
			isa = XCBuildConfiguration;
			buildSettings = {
				ALWAYS_SEARCH_USER_PATHS = NO;
				CLANG_ANALYZER_NONNULL = YES;
				CLANG_ANALYZER_NUMBER_OBJECT_CONVERSION = YES_AGGRESSIVE;
				CLANG_CXX_LANGUAGE_STANDARD = "gnu++14";
				CLANG_CXX_LIBRARY = "libc++";
				CLANG_ENABLE_MODULES = YES;
				CLANG_ENABLE_OBJC_ARC = YES;
				CLANG_ENABLE_OBJC_WEAK = YES;
				CLANG_WARN_BLOCK_CAPTURE_AUTORELEASING = YES;
				CLANG_WARN_BOOL_CONVERSION = YES;
				CLANG_WARN_COMMA = YES;
				CLANG_WARN_CONSTANT_CONVERSION = YES;
				CLANG_WARN_DEPRECATED_OBJC_IMPLEMENTATIONS = YES;
				CLANG_WARN_DIRECT_OBJC_ISA_USAGE = YES_ERROR;
				CLANG_WARN_DOCUMENTATION_COMMENTS = YES;
				CLANG_WARN_EMPTY_BODY = YES;
				CLANG_WARN_ENUM_CONVERSION = YES;
				CLANG_WARN_INFINITE_RECURSION = YES;
				CLANG_WARN_INT_CONVERSION = YES;
				CLANG_WARN_NON_LITERAL_NULL_CONVERSION = YES;
				CLANG_WARN_OBJC_IMPLICIT_RETAIN_SELF = YES;
				CLANG_WARN_OBJC_LITERAL_CONVERSION = YES;
				CLANG_WARN_OBJC_ROOT_CLASS = YES_ERROR;
				CLANG_WARN_RANGE_LOOP_ANALYSIS = YES;
				CLANG_WARN_STRICT_PROTOTYPES = YES;
				CLANG_WARN_SUSPICIOUS_MOVE = YES;
				CLANG_WARN_UNGUARDED_AVAILABILITY = YES_AGGRESSIVE;
				CLANG_WARN_UNREACHABLE_CODE = YES;
				CLANG_WARN__DUPLICATE_METHOD_MATCH = YES;
				COPY_PHASE_STRIP = NO;
				DEBUG_INFORMATION_FORMAT = "dwarf-with-dsym";
				ENABLE_NS_ASSERTIONS = NO;
				ENABLE_STRICT_OBJC_MSGSEND = YES;
				GCC_C_LANGUAGE_STANDARD = gnu11;
				GCC_NO_COMMON_BLOCKS = YES;
				GCC_WARN_64_TO_32_BIT_CONVERSION = YES;
				GCC_WARN_ABOUT_RETURN_TYPE = YES_ERROR;
				GCC_WARN_UNDECLARED_SELECTOR = YES;
				GCC_WARN_UNINITIALIZED_AUTOS = YES_AGGRESSIVE;
				GCC_WARN_UNUSED_FUNCTION = YES;
				GCC_WARN_UNUSED_VARIABLE = YES;
				IPHONEOS_DEPLOYMENT_TARGET = 13.2;
				MTL_ENABLE_DEBUG_INFO = NO;
				MTL_FAST_MATH = YES;
				SDKROOT = iphoneos;
				SWIFT_COMPILATION_MODE = wholemodule;
				SWIFT_OPTIMIZATION_LEVEL = "-O";
				VALIDATE_PRODUCT = YES;
			};
			name = Release;
		};
		D586827F2380431B00EB4A27 /* Debug */ = {
			isa = XCBuildConfiguration;
			buildSettings = {
				ASSETCATALOG_COMPILER_APPICON_NAME = AppIcon;
				CODE_SIGN_STYLE = Automatic;
				INFOPLIST_FILE = "aphasia-app/Info.plist";
				LD_RUNPATH_SEARCH_PATHS = (
					"$(inherited)",
					"@executable_path/Frameworks",
				);
				PRODUCT_BUNDLE_IDENTIFIER = "capstone.aphasia-app";
				PRODUCT_NAME = "$(TARGET_NAME)";
				SWIFT_VERSION = 5.0;
				TARGETED_DEVICE_FAMILY = "1,2";
			};
			name = Debug;
		};
		D58682802380431B00EB4A27 /* Release */ = {
			isa = XCBuildConfiguration;
			buildSettings = {
				ASSETCATALOG_COMPILER_APPICON_NAME = AppIcon;
				CODE_SIGN_STYLE = Automatic;
				INFOPLIST_FILE = "aphasia-app/Info.plist";
				LD_RUNPATH_SEARCH_PATHS = (
					"$(inherited)",
					"@executable_path/Frameworks",
				);
				PRODUCT_BUNDLE_IDENTIFIER = "capstone.aphasia-app";
				PRODUCT_NAME = "$(TARGET_NAME)";
				SWIFT_VERSION = 5.0;
				TARGETED_DEVICE_FAMILY = "1,2";
			};
			name = Release;
		};
		D58682822380431B00EB4A27 /* Debug */ = {
			isa = XCBuildConfiguration;
			buildSettings = {
				ALWAYS_EMBED_SWIFT_STANDARD_LIBRARIES = YES;
				BUNDLE_LOADER = "$(TEST_HOST)";
				CODE_SIGN_STYLE = Automatic;
				INFOPLIST_FILE = "aphasia-appTests/Info.plist";
				IPHONEOS_DEPLOYMENT_TARGET = 13.2;
				LD_RUNPATH_SEARCH_PATHS = (
					"$(inherited)",
					"@executable_path/Frameworks",
					"@loader_path/Frameworks",
				);
				PRODUCT_BUNDLE_IDENTIFIER = "capstone.aphasia-appTests";
				PRODUCT_NAME = "$(TARGET_NAME)";
				SWIFT_VERSION = 5.0;
				TARGETED_DEVICE_FAMILY = "1,2";
				TEST_HOST = "$(BUILT_PRODUCTS_DIR)/aphasia-app.app/aphasia-app";
			};
			name = Debug;
		};
		D58682832380431B00EB4A27 /* Release */ = {
			isa = XCBuildConfiguration;
			buildSettings = {
				ALWAYS_EMBED_SWIFT_STANDARD_LIBRARIES = YES;
				BUNDLE_LOADER = "$(TEST_HOST)";
				CODE_SIGN_STYLE = Automatic;
				INFOPLIST_FILE = "aphasia-appTests/Info.plist";
				IPHONEOS_DEPLOYMENT_TARGET = 13.2;
				LD_RUNPATH_SEARCH_PATHS = (
					"$(inherited)",
					"@executable_path/Frameworks",
					"@loader_path/Frameworks",
				);
				PRODUCT_BUNDLE_IDENTIFIER = "capstone.aphasia-appTests";
				PRODUCT_NAME = "$(TARGET_NAME)";
				SWIFT_VERSION = 5.0;
				TARGETED_DEVICE_FAMILY = "1,2";
				TEST_HOST = "$(BUILT_PRODUCTS_DIR)/aphasia-app.app/aphasia-app";
			};
			name = Release;
		};
/* End XCBuildConfiguration section */

/* Begin XCConfigurationList section */
		D58682572380431700EB4A27 /* Build configuration list for PBXProject "aphasia-app" */ = {
			isa = XCConfigurationList;
			buildConfigurations = (
				D586827C2380431B00EB4A27 /* Debug */,
				D586827D2380431B00EB4A27 /* Release */,
			);
			defaultConfigurationIsVisible = 0;
			defaultConfigurationName = Release;
		};
		D586827E2380431B00EB4A27 /* Build configuration list for PBXNativeTarget "aphasia-app" */ = {
			isa = XCConfigurationList;
			buildConfigurations = (
				D586827F2380431B00EB4A27 /* Debug */,
				D58682802380431B00EB4A27 /* Release */,
			);
			defaultConfigurationIsVisible = 0;
			defaultConfigurationName = Release;
		};
		D58682812380431B00EB4A27 /* Build configuration list for PBXNativeTarget "aphasia-appTests" */ = {
			isa = XCConfigurationList;
			buildConfigurations = (
				D58682822380431B00EB4A27 /* Debug */,
				D58682832380431B00EB4A27 /* Release */,
			);
			defaultConfigurationIsVisible = 0;
			defaultConfigurationName = Release;
		};
/* End XCConfigurationList section */

/* Begin XCVersionGroup section */
		D58682682380431700EB4A27 /* aphasia_app.xcdatamodeld */ = {
			isa = XCVersionGroup;
			children = (
				D58682692380431700EB4A27 /* aphasia_app.xcdatamodel */,
			);
			currentVersion = D58682692380431700EB4A27 /* aphasia_app.xcdatamodel */;
			path = aphasia_app.xcdatamodeld;
			sourceTree = "<group>";
			versionGroupType = wrapper.xcdatamodel;
		};
/* End XCVersionGroup section */
	};
	rootObject = D58682542380431700EB4A27 /* Project object */;
}
